
Microsoft Visual Studio Solution File, Format Version 11.00
# Visual Studio 2010
Project("{FAE04EC0-301F-11D3-BF4B-00C04F79EFBC}") = "Voxel", "Assembly-CSharp-firstpass.csproj", "{136DB097-539C-FC8E-426D-476903FB344D}"
EndProject
Project("{FAE04EC0-301F-11D3-BF4B-00C04F79EFBC}") = "Voxel", "Assembly-CSharp.csproj", "{24147965-48E0-17B4-6E29-46F02954FD57}"
EndProject
Global
	GlobalSection(SolutionConfigurationPlatforms) = preSolution
		Debug|Any CPU = Debug|Any CPU
		Release|Any CPU = Release|Any CPU
	EndGlobalSection
	GlobalSection(ProjectConfigurationPlatforms) = postSolution
		{136DB097-539C-FC8E-426D-476903FB344D}.Debug|Any CPU.ActiveCfg = Debug|Any CPU
		{136DB097-539C-FC8E-426D-476903FB344D}.Debug|Any CPU.Build.0 = Debug|Any CPU
		{136DB097-539C-FC8E-426D-476903FB344D}.Release|Any CPU.ActiveCfg = Release|Any CPU
		{136DB097-539C-FC8E-426D-476903FB344D}.Release|Any CPU.Build.0 = Release|Any CPU
		{24147965-48E0-17B4-6E29-46F02954FD57}.Debug|Any CPU.ActiveCfg = Debug|Any CPU
		{24147965-48E0-17B4-6E29-46F02954FD57}.Debug|Any CPU.Build.0 = Debug|Any CPU
		{24147965-48E0-17B4-6E29-46F02954FD57}.Release|Any CPU.ActiveCfg = Release|Any CPU
		{24147965-48E0-17B4-6E29-46F02954FD57}.Release|Any CPU.Build.0 = Release|Any CPU
	EndGlobalSection
	GlobalSection(SolutionProperties) = preSolution
		HideSolutionNode = FALSE
	EndGlobalSection
	GlobalSection(MonoDevelopProperties) = preSolution
		StartupItem = Assembly-CSharp.csproj
	EndGlobalSection
EndGlobal
